
Microsoft Visual Studio Solution File, Format Version 12.00
Project("{FAE04EC0-301F-11D3-BF4B-00C04F79EFBC}") = "MoviesApi", "MoviesApi\MoviesApi.csproj", "{DD37EE72-462B-4DD0-8CC7-459D3CAD0C34}"
EndProject
Project("{2150E333-8FDC-42A3-9474-1A3956D46DE8}") = "Docker", "Docker", "{2E40C6EF-E442-4D98-874A-6298BF3E5C8D}"
	ProjectSection(SolutionItems) = preProject
		Dockerfile = Dockerfile
	EndProjectSection
EndProject
Global
	GlobalSection(SolutionConfigurationPlatforms) = preSolution
		Debug|Any CPU = Debug|Any CPU
		Release|Any CPU = Release|Any CPU
	EndGlobalSection
	GlobalSection(ProjectConfigurationPlatforms) = postSolution
		{DD37EE72-462B-4DD0-8CC7-459D3CAD0C34}.Debug|Any CPU.ActiveCfg = Debug|Any CPU
		{DD37EE72-462B-4DD0-8CC7-459D3CAD0C34}.Debug|Any CPU.Build.0 = Debug|Any CPU
		{DD37EE72-462B-4DD0-8CC7-459D3CAD0C34}.Release|Any CPU.ActiveCfg = Release|Any CPU
		{DD37EE72-462B-4DD0-8CC7-459D3CAD0C34}.Release|Any CPU.Build.0 = Release|Any CPU
	EndGlobalSection
EndGlobal
